// !$*UTF8*$!
{
	archiveVersion = 1;
	classes = {
	};
	objectVersion = 50;
	objects = {

/* Begin PBXBuildFile section */
		5DBB6E39250E48D70081013F /* AppDelegate.swift in Sources */ = {isa = PBXBuildFile; fileRef = 5DBB6E38250E48D70081013F /* AppDelegate.swift */; };
		5DBB6E3B250E48D70081013F /* SceneDelegate.swift in Sources */ = {isa = PBXBuildFile; fileRef = 5DBB6E3A250E48D70081013F /* SceneDelegate.swift */; };
		5DBB6E3D250E48D70081013F /* ViewController.swift in Sources */ = {isa = PBXBuildFile; fileRef = 5DBB6E3C250E48D70081013F /* ViewController.swift */; };
		5DBB6E40250E48D70081013F /* Main.storyboard in Resources */ = {isa = PBXBuildFile; fileRef = 5DBB6E3E250E48D70081013F /* Main.storyboard */; };
		5DBB6E42250E48DD0081013F /* Assets.xcassets in Resources */ = {isa = PBXBuildFile; fileRef = 5DBB6E41250E48DD0081013F /* Assets.xcassets */; };
		5DBB6E45250E48DD0081013F /* LaunchScreen.storyboard in Resources */ = {isa = PBXBuildFile; fileRef = 5DBB6E43250E48DD0081013F /* LaunchScreen.storyboard */; };
		5DBB6E50250E48DD0081013F /* CountTests.swift in Sources */ = {isa = PBXBuildFile; fileRef = 5DBB6E4F250E48DD0081013F /* CountTests.swift */; };
		5DBB6E5B250E48DD0081013F /* CountUITests.swift in Sources */ = {isa = PBXBuildFile; fileRef = 5DBB6E5A250E48DD0081013F /* CountUITests.swift */; };
/* End PBXBuildFile section */

/* Begin PBXContainerItemProxy section */
		5DBB6E4C250E48DD0081013F /* PBXContainerItemProxy */ = {
			isa = PBXContainerItemProxy;
			containerPortal = 5DBB6E2D250E48D60081013F /* Project object */;
			proxyType = 1;
			remoteGlobalIDString = 5DBB6E34250E48D70081013F;
			remoteInfo = Count;
		};
		5DBB6E57250E48DD0081013F /* PBXContainerItemProxy */ = {
			isa = PBXContainerItemProxy;
			containerPortal = 5DBB6E2D250E48D60081013F /* Project object */;
			proxyType = 1;
			remoteGlobalIDString = 5DBB6E34250E48D70081013F;
			remoteInfo = Count;
		};
/* End PBXContainerItemProxy section */

/* Begin PBXFileReference section */
		5DBB6E35250E48D70081013F /* Count.app */ = {isa = PBXFileReference; explicitFileType = wrapper.application; includeInIndex = 0; path = Count.app; sourceTree = BUILT_PRODUCTS_DIR; };
		5DBB6E38250E48D70081013F /* AppDelegate.swift */ = {isa = PBXFileReference; lastKnownFileType = sourcecode.swift; path = AppDelegate.swift; sourceTree = "<group>"; };
		5DBB6E3A250E48D70081013F /* SceneDelegate.swift */ = {isa = PBXFileReference; lastKnownFileType = sourcecode.swift; path = SceneDelegate.swift; sourceTree = "<group>"; };
		5DBB6E3C250E48D70081013F /* ViewController.swift */ = {isa = PBXFileReference; lastKnownFileType = sourcecode.swift; path = ViewController.swift; sourceTree = "<group>"; };
		5DBB6E3F250E48D70081013F /* Base */ = {isa = PBXFileReference; lastKnownFileType = file.storyboard; name = Base; path = Base.lproj/Main.storyboard; sourceTree = "<group>"; };
		5DBB6E41250E48DD0081013F /* Assets.xcassets */ = {isa = PBXFileReference; lastKnownFileType = folder.assetcatalog; path = Assets.xcassets; sourceTree = "<group>"; };
		5DBB6E44250E48DD0081013F /* Base */ = {isa = PBXFileReference; lastKnownFileType = file.storyboard; name = Base; path = Base.lproj/LaunchScreen.storyboard; sourceTree = "<group>"; };
		5DBB6E46250E48DD0081013F /* Info.plist */ = {isa = PBXFileReference; lastKnownFileType = text.plist.xml; path = Info.plist; sourceTree = "<group>"; };
		5DBB6E4B250E48DD0081013F /* CountTests.xctest */ = {isa = PBXFileReference; explicitFileType = wrapper.cfbundle; includeInIndex = 0; path = CountTests.xctest; sourceTree = BUILT_PRODUCTS_DIR; };
		5DBB6E4F250E48DD0081013F /* CountTests.swift */ = {isa = PBXFileReference; lastKnownFileType = sourcecode.swift; path = CountTests.swift; sourceTree = "<group>"; };
		5DBB6E51250E48DD0081013F /* Info.plist */ = {isa = PBXFileReference; lastKnownFileType = text.plist.xml; path = Info.plist; sourceTree = "<group>"; };
		5DBB6E56250E48DD0081013F /* CountUITests.xctest */ = {isa = PBXFileReference; explicitFileType = wrapper.cfbundle; includeInIndex = 0; path = CountUITests.xctest; sourceTree = BUILT_PRODUCTS_DIR; };
		5DBB6E5A250E48DD0081013F /* CountUITests.swift */ = {isa = PBXFileReference; lastKnownFileType = sourcecode.swift; path = CountUITests.swift; sourceTree = "<group>"; };
		5DBB6E5C250E48DD0081013F /* Info.plist */ = {isa = PBXFileReference; lastKnownFileType = text.plist.xml; path = Info.plist; sourceTree = "<group>"; };
/* End PBXFileReference section */

/* Begin PBXFrameworksBuildPhase section */
		5DBB6E32250E48D70081013F /* Frameworks */ = {
			isa = PBXFrameworksBuildPhase;
			buildActionMask = 2147483647;
			files = (
			);
			runOnlyForDeploymentPostprocessing = 0;
		};
		5DBB6E48250E48DD0081013F /* Frameworks */ = {
			isa = PBXFrameworksBuildPhase;
			buildActionMask = 2147483647;
			files = (
			);
			runOnlyForDeploymentPostprocessing = 0;
		};
		5DBB6E53250E48DD0081013F /* Frameworks */ = {
			isa = PBXFrameworksBuildPhase;
			buildActionMask = 2147483647;
			files = (
			);
			runOnlyForDeploymentPostprocessing = 0;
		};
/* End PBXFrameworksBuildPhase section */

/* Begin PBXGroup section */
		5DBB6E2C250E48D60081013F = {
			isa = PBXGroup;
			children = (
				5DBB6E37250E48D70081013F /* Count */,
				5DBB6E4E250E48DD0081013F /* CountTests */,
				5DBB6E59250E48DD0081013F /* CountUITests */,
				5DBB6E36250E48D70081013F /* Products */,
			);
			sourceTree = "<group>";
		};
		5DBB6E36250E48D70081013F /* Products */ = {
			isa = PBXGroup;
			children = (
				5DBB6E35250E48D70081013F /* Count.app */,
				5DBB6E4B250E48DD0081013F /* CountTests.xctest */,
				5DBB6E56250E48DD0081013F /* CountUITests.xctest */,
			);
			name = Products;
			sourceTree = "<group>";
		};
		5DBB6E37250E48D70081013F /* Count */ = {
			isa = PBXGroup;
			children = (
				5DBB6E38250E48D70081013F /* AppDelegate.swift */,
				5DBB6E3A250E48D70081013F /* SceneDelegate.swift */,
				5DBB6E3C250E48D70081013F /* ViewController.swift */,
				5DBB6E3E250E48D70081013F /* Main.storyboard */,
				5DBB6E41250E48DD0081013F /* Assets.xcassets */,
				5DBB6E43250E48DD0081013F /* LaunchScreen.storyboard */,
				5DBB6E46250E48DD0081013F /* Info.plist */,
			);
			path = Count;
			sourceTree = "<group>";
		};
		5DBB6E4E250E48DD0081013F /* CountTests */ = {
			isa = PBXGroup;
			children = (
				5DBB6E4F250E48DD0081013F /* CountTests.swift */,
				5DBB6E51250E48DD0081013F /* Info.plist */,
			);
			path = CountTests;
			sourceTree = "<group>";
		};
		5DBB6E59250E48DD0081013F /* CountUITests */ = {
			isa = PBXGroup;
			children = (
				5DBB6E5A250E48DD0081013F /* CountUITests.swift */,
				5DBB6E5C250E48DD0081013F /* Info.plist */,
			);
			path = CountUITests;
			sourceTree = "<group>";
		};
/* End PBXGroup section */

/* Begin PBXNativeTarget section */
		5DBB6E34250E48D70081013F /* Count */ = {
			isa = PBXNativeTarget;
			buildConfigurationList = 5DBB6E5F250E48DD0081013F /* Build configuration list for PBXNativeTarget "Count" */;
			buildPhases = (
				5DBB6E31250E48D70081013F /* Sources */,
				5DBB6E32250E48D70081013F /* Frameworks */,
				5DBB6E33250E48D70081013F /* Resources */,
			);
			buildRules = (
			);
			dependencies = (
			);
			name = Count;
			productName = Count;
			productReference = 5DBB6E35250E48D70081013F /* Count.app */;
			productType = "com.apple.product-type.application";
		};
		5DBB6E4A250E48DD0081013F /* CountTests */ = {
			isa = PBXNativeTarget;
			buildConfigurationList = 5DBB6E62250E48DD0081013F /* Build configuration list for PBXNativeTarget "CountTests" */;
			buildPhases = (
				5DBB6E47250E48DD0081013F /* Sources */,
				5DBB6E48250E48DD0081013F /* Frameworks */,
				5DBB6E49250E48DD0081013F /* Resources */,
			);
			buildRules = (
			);
			dependencies = (
				5DBB6E4D250E48DD0081013F /* PBXTargetDependency */,
			);
			name = CountTests;
			productName = CountTests;
			productReference = 5DBB6E4B250E48DD0081013F /* CountTests.xctest */;
			productType = "com.apple.product-type.bundle.unit-test";
		};
		5DBB6E55250E48DD0081013F /* CountUITests */ = {
			isa = PBXNativeTarget;
			buildConfigurationList = 5DBB6E65250E48DD0081013F /* Build configuration list for PBXNativeTarget "CountUITests" */;
			buildPhases = (
				5DBB6E52250E48DD0081013F /* Sources */,
				5DBB6E53250E48DD0081013F /* Frameworks */,
				5DBB6E54250E48DD0081013F /* Resources */,
			);
			buildRules = (
			);
			dependencies = (
				5DBB6E58250E48DD0081013F /* PBXTargetDependency */,
			);
			name = CountUITests;
			productName = CountUITests;
			productReference = 5DBB6E56250E48DD0081013F /* CountUITests.xctest */;
			productType = "com.apple.product-type.bundle.ui-testing";
		};
/* End PBXNativeTarget section */

/* Begin PBXProject section */
		5DBB6E2D250E48D60081013F /* Project object */ = {
			isa = PBXProject;
			attributes = {
				LastSwiftUpdateCheck = 1170;
				LastUpgradeCheck = 1170;
				ORGANIZATIONNAME = "Yamamoto Miu";
				TargetAttributes = {
					5DBB6E34250E48D70081013F = {
						CreatedOnToolsVersion = 11.7;
					};
					5DBB6E4A250E48DD0081013F = {
						CreatedOnToolsVersion = 11.7;
						TestTargetID = 5DBB6E34250E48D70081013F;
					};
					5DBB6E55250E48DD0081013F = {
						CreatedOnToolsVersion = 11.7;
						TestTargetID = 5DBB6E34250E48D70081013F;
					};
				};
			};
			buildConfigurationList = 5DBB6E30250E48D70081013F /* Build configuration list for PBXProject "Count" */;
			compatibilityVersion = "Xcode 9.3";
			developmentRegion = en;
			hasScannedForEncodings = 0;
			knownRegions = (
				en,
				Base,
			);
			mainGroup = 5DBB6E2C250E48D60081013F;
			productRefGroup = 5DBB6E36250E48D70081013F /* Products */;
			projectDirPath = "";
			projectRoot = "";
			targets = (
				5DBB6E34250E48D70081013F /* Count */,
				5DBB6E4A250E48DD0081013F /* CountTests */,
				5DBB6E55250E48DD0081013F /* CountUITests */,
			);
		};
/* End PBXProject section */

/* Begin PBXResourcesBuildPhase section */
		5DBB6E33250E48D70081013F /* Resources */ = {
			isa = PBXResourcesBuildPhase;
			buildActionMask = 2147483647;
			files = (
				5DBB6E45250E48DD0081013F /* LaunchScreen.storyboard in Resources */,
				5DBB6E42250E48DD0081013F /* Assets.xcassets in Resources */,
				5DBB6E40250E48D70081013F /* Main.storyboard in Resources */,
			);
			runOnlyForDeploymentPostprocessing = 0;
		};
		5DBB6E49250E48DD0081013F /* Resources */ = {
			isa = PBXResourcesBuildPhase;
			buildActionMask = 2147483647;
			files = (
			);
			runOnlyForDeploymentPostprocessing = 0;
		};
		5DBB6E54250E48DD0081013F /* Resources */ = {
			isa = PBXResourcesBuildPhase;
			buildActionMask = 2147483647;
			files = (
			);
			runOnlyForDeploymentPostprocessing = 0;
		};
/* End PBXResourcesBuildPhase section */

/* Begin PBXSourcesBuildPhase section */
		5DBB6E31250E48D70081013F /* Sources */ = {
			isa = PBXSourcesBuildPhase;
			buildActionMask = 2147483647;
			files = (
				5DBB6E3D250E48D70081013F /* ViewController.swift in Sources */,
				5DBB6E39250E48D70081013F /* AppDelegate.swift in Sources */,
				5DBB6E3B250E48D70081013F /* SceneDelegate.swift in Sources */,
			);
			runOnlyForDeploymentPostprocessing = 0;
		};
		5DBB6E47250E48DD0081013F /* Sources */ = {
			isa = PBXSourcesBuildPhase;
			buildActionMask = 2147483647;
			files = (
				5DBB6E50250E48DD0081013F /* CountTests.swift in Sources */,
			);
			runOnlyForDeploymentPostprocessing = 0;
		};
		5DBB6E52250E48DD0081013F /* Sources */ = {
			isa = PBXSourcesBuildPhase;
			buildActionMask = 2147483647;
			files = (
				5DBB6E5B250E48DD0081013F /* CountUITests.swift in Sources */,
			);
			runOnlyForDeploymentPostprocessing = 0;
		};
/* End PBXSourcesBuildPhase section */

/* Begin PBXTargetDependency section */
		5DBB6E4D250E48DD0081013F /* PBXTargetDependency */ = {
			isa = PBXTargetDependency;
			target = 5DBB6E34250E48D70081013F /* Count */;
			targetProxy = 5DBB6E4C250E48DD0081013F /* PBXContainerItemProxy */;
		};
		5DBB6E58250E48DD0081013F /* PBXTargetDependency */ = {
			isa = PBXTargetDependency;
			target = 5DBB6E34250E48D70081013F /* Count */;
			targetProxy = 5DBB6E57250E48DD0081013F /* PBXContainerItemProxy */;
		};
/* End PBXTargetDependency section */

/* Begin PBXVariantGroup section */
		5DBB6E3E250E48D70081013F /* Main.storyboard */ = {
			isa = PBXVariantGroup;
			children = (
				5DBB6E3F250E48D70081013F /* Base */,
			);
			name = Main.storyboard;
			sourceTree = "<group>";
		};
		5DBB6E43250E48DD0081013F /* LaunchScreen.storyboard */ = {
			isa = PBXVariantGroup;
			children = (
				5DBB6E44250E48DD0081013F /* Base */,
			);
			name = LaunchScreen.storyboard;
			sourceTree = "<group>";
		};
/* End PBXVariantGroup section */

/* Begin XCBuildConfiguration section */
		5DBB6E5D250E48DD0081013F /* Debug */ = {
			isa = XCBuildConfiguration;
			buildSettings = {
				ALWAYS_SEARCH_USER_PATHS = NO;
				CLANG_ANALYZER_NONNULL = YES;
				CLANG_ANALYZER_NUMBER_OBJECT_CONVERSION = YES_AGGRESSIVE;
				CLANG_CXX_LANGUAGE_STANDARD = "gnu++14";
				CLANG_CXX_LIBRARY = "libc++";
				CLANG_ENABLE_MODULES = YES;
				CLANG_ENABLE_OBJC_ARC = YES;
				CLANG_ENABLE_OBJC_WEAK = YES;
				CLANG_WARN_BLOCK_CAPTURE_AUTORELEASING = YES;
				CLANG_WARN_BOOL_CONVERSION = YES;
				CLANG_WARN_COMMA = YES;
				CLANG_WARN_CONSTANT_CONVERSION = YES;
				CLANG_WARN_DEPRECATED_OBJC_IMPLEMENTATIONS = YES;
				CLANG_WARN_DIRECT_OBJC_ISA_USAGE = YES_ERROR;
				CLANG_WARN_DOCUMENTATION_COMMENTS = YES;
				CLANG_WARN_EMPTY_BODY = YES;
				CLANG_WARN_ENUM_CONVERSION = YES;
				CLANG_WARN_INFINITE_RECURSION = YES;
				CLANG_WARN_INT_CONVERSION = YES;
				CLANG_WARN_NON_LITERAL_NULL_CONVERSION = YES;
				CLANG_WARN_OBJC_IMPLICIT_RETAIN_SELF = YES;
				CLANG_WARN_OBJC_LITERAL_CONVERSION = YES;
				CLANG_WARN_OBJC_ROOT_CLASS = YES_ERROR;
				CLANG_WARN_RANGE_LOOP_ANALYSIS = YES;
				CLANG_WARN_STRICT_PROTOTYPES = YES;
				CLANG_WARN_SUSPICIOUS_MOVE = YES;
				CLANG_WARN_UNGUARDED_AVAILABILITY = YES_AGGRESSIVE;
				CLANG_WARN_UNREACHABLE_CODE = YES;
				CLANG_WARN__DUPLICATE_METHOD_MATCH = YES;
				COPY_PHASE_STRIP = NO;
				DEBUG_INFORMATION_FORMAT = dwarf;
				ENABLE_STRICT_OBJC_MSGSEND = YES;
				ENABLE_TESTABILITY = YES;
				GCC_C_LANGUAGE_STANDARD = gnu11;
				GCC_DYNAMIC_NO_PIC = NO;
				GCC_NO_COMMON_BLOCKS = YES;
				GCC_OPTIMIZATION_LEVEL = 0;
				GCC_PREPROCESSOR_DEFINITIONS = (
					"DEBUG=1",
					"$(inherited)",
				);
				GCC_WARN_64_TO_32_BIT_CONVERSION = YES;
				GCC_WARN_ABOUT_RETURN_TYPE = YES_ERROR;
				GCC_WARN_UNDECLARED_SELECTOR = YES;
				GCC_WARN_UNINITIALIZED_AUTOS = YES_AGGRESSIVE;
				GCC_WARN_UNUSED_FUNCTION = YES;
				GCC_WARN_UNUSED_VARIABLE = YES;
				IPHONEOS_DEPLOYMENT_TARGET = 13.7;
				MTL_ENABLE_DEBUG_INFO = INCLUDE_SOURCE;
				MTL_FAST_MATH = YES;
				ONLY_ACTIVE_ARCH = YES;
				SDKROOT = iphoneos;
				SWIFT_ACTIVE_COMPILATION_CONDITIONS = DEBUG;
				SWIFT_OPTIMIZATION_LEVEL = "-Onone";
			};
			name = Debug;
		};
		5DBB6E5E250E48DD0081013F /* Release */ = {
			isa = XCBuildConfiguration;
			buildSettings = {
				ALWAYS_SEARCH_USER_PATHS = NO;
				CLANG_ANALYZER_NONNULL = YES;
				CLANG_ANALYZER_NUMBER_OBJECT_CONVERSION = YES_AGGRESSIVE;
				CLANG_CXX_LANGUAGE_STANDARD = "gnu++14";
				CLANG_CXX_LIBRARY = "libc++";
				CLANG_ENABLE_MODULES = YES;
				CLANG_ENABLE_OBJC_ARC = YES;
				CLANG_ENABLE_OBJC_WEAK = YES;
				CLANG_WARN_BLOCK_CAPTURE_AUTORELEASING = YES;
				CLANG_WARN_BOOL_CONVERSION = YES;
				CLANG_WARN_COMMA = YES;
				CLANG_WARN_CONSTANT_CONVERSION = YES;
				CLANG_WARN_DEPRECATED_OBJC_IMPLEMENTATIONS = YES;
				CLANG_WARN_DIRECT_OBJC_ISA_USAGE = YES_ERROR;
				CLANG_WARN_DOCUMENTATION_COMMENTS = YES;
				CLANG_WARN_EMPTY_BODY = YES;
				CLANG_WARN_ENUM_CONVERSION = YES;
				CLANG_WARN_INFINITE_RECURSION = YES;
				CLANG_WARN_INT_CONVERSION = YES;
				CLANG_WARN_NON_LITERAL_NULL_CONVERSION = YES;
				CLANG_WARN_OBJC_IMPLICIT_RETAIN_SELF = YES;
				CLANG_WARN_OBJC_LITERAL_CONVERSION = YES;
				CLANG_WARN_OBJC_ROOT_CLASS = YES_ERROR;
				CLANG_WARN_RANGE_LOOP_ANALYSIS = YES;
				CLANG_WARN_STRICT_PROTOTYPES = YES;
				CLANG_WARN_SUSPICIOUS_MOVE = YES;
				CLANG_WARN_UNGUARDED_AVAILABILITY = YES_AGGRESSIVE;
				CLANG_WARN_UNREACHABLE_CODE = YES;
				CLANG_WARN__DUPLICATE_METHOD_MATCH = YES;
				COPY_PHASE_STRIP = NO;
				DEBUG_INFORMATION_FORMAT = "dwarf-with-dsym";
				ENABLE_NS_ASSERTIONS = NO;
				ENABLE_STRICT_OBJC_MSGSEND = YES;
				GCC_C_LANGUAGE_STANDARD = gnu11;
				GCC_NO_COMMON_BLOCKS = YES;
				GCC_WARN_64_TO_32_BIT_CONVERSION = YES;
				GCC_WARN_ABOUT_RETURN_TYPE = YES_ERROR;
				GCC_WARN_UNDECLARED_SELECTOR = YES;
				GCC_WARN_UNINITIALIZED_AUTOS = YES_AGGRESSIVE;
				GCC_WARN_UNUSED_FUNCTION = YES;
				GCC_WARN_UNUSED_VARIABLE = YES;
				IPHONEOS_DEPLOYMENT_TARGET = 13.7;
				MTL_ENABLE_DEBUG_INFO = NO;
				MTL_FAST_MATH = YES;
				SDKROOT = iphoneos;
				SWIFT_COMPILATION_MODE = wholemodule;
				SWIFT_OPTIMIZATION_LEVEL = "-O";
				VALIDATE_PRODUCT = YES;
			};
			name = Release;
		};
		5DBB6E60250E48DD0081013F /* Debug */ = {
			isa = XCBuildConfiguration;
			buildSettings = {
				ASSETCATALOG_COMPILER_APPICON_NAME = AppIcon;
				CODE_SIGN_STYLE = Automatic;
				INFOPLIST_FILE = Count/Info.plist;
				LD_RUNPATH_SEARCH_PATHS = (
					"$(inherited)",
					"@executable_path/Frameworks",
				);
				PRODUCT_BUNDLE_IDENTIFIER = com.litech.Count;
				PRODUCT_NAME = "$(TARGET_NAME)";
				SWIFT_VERSION = 5.0;
				TARGETED_DEVICE_FAMILY = "1,2";
			};
			name = Debug;
		};
		5DBB6E61250E48DD0081013F /* Release */ = {
			isa = XCBuildConfiguration;
			buildSettings = {
				ASSETCATALOG_COMPILER_APPICON_NAME = AppIcon;
				CODE_SIGN_STYLE = Automatic;
				INFOPLIST_FILE = Count/Info.plist;
				LD_RUNPATH_SEARCH_PATHS = (
					"$(inherited)",
					"@executable_path/Frameworks",
				);
				PRODUCT_BUNDLE_IDENTIFIER = com.litech.Count;
				PRODUCT_NAME = "$(TARGET_NAME)";
				SWIFT_VERSION = 5.0;
				TARGETED_DEVICE_FAMILY = "1,2";
			};
			name = Release;
		};
		5DBB6E63250E48DD0081013F /* Debug */ = {
			isa = XCBuildConfiguration;
			buildSettings = {
				ALWAYS_EMBED_SWIFT_STANDARD_LIBRARIES = YES;
				BUNDLE_LOADER = "$(TEST_HOST)";
				CODE_SIGN_STYLE = Automatic;
				INFOPLIST_FILE = CountTests/Info.plist;
				IPHONEOS_DEPLOYMENT_TARGET = 13.7;
				LD_RUNPATH_SEARCH_PATHS = (
					"$(inherited)",
					"@executable_path/Frameworks",
					"@loader_path/Frameworks",
				);
				PRODUCT_BUNDLE_IDENTIFIER = com.litech.CountTests;
				PRODUCT_NAME = "$(TARGET_NAME)";
				SWIFT_VERSION = 5.0;
				TARGETED_DEVICE_FAMILY = "1,2";
				TEST_HOST = "$(BUILT_PRODUCTS_DIR)/Count.app/Count";
			};
			name = Debug;
		};
		5DBB6E64250E48DD0081013F /* Release */ = {
			isa = XCBuildConfiguration;
			buildSettings = {
				ALWAYS_EMBED_SWIFT_STANDARD_LIBRARIES = YES;
				BUNDLE_LOADER = "$(TEST_HOST)";
				CODE_SIGN_STYLE = Automatic;
				INFOPLIST_FILE = CountTests/Info.plist;
				IPHONEOS_DEPLOYMENT_TARGET = 13.7;
				LD_RUNPATH_SEARCH_PATHS = (
					"$(inherited)",
					"@executable_path/Frameworks",
					"@loader_path/Frameworks",
				);
				PRODUCT_BUNDLE_IDENTIFIER = com.litech.CountTests;
				PRODUCT_NAME = "$(TARGET_NAME)";
				SWIFT_VERSION = 5.0;
				TARGETED_DEVICE_FAMILY = "1,2";
				TEST_HOST = "$(BUILT_PRODUCTS_DIR)/Count.app/Count";
			};
			name = Release;
		};
		5DBB6E66250E48DD0081013F /* Debug */ = {
			isa = XCBuildConfiguration;
			buildSettings = {
				ALWAYS_EMBED_SWIFT_STANDARD_LIBRARIES = YES;
				CODE_SIGN_STYLE = Automatic;
				INFOPLIST_FILE = CountUITests/Info.plist;
				LD_RUNPATH_SEARCH_PATHS = (
					"$(inherited)",
					"@executable_path/Frameworks",
					"@loader_path/Frameworks",
				);
				PRODUCT_BUNDLE_IDENTIFIER = com.litech.CountUITests;
				PRODUCT_NAME = "$(TARGET_NAME)";
				SWIFT_VERSION = 5.0;
				TARGETED_DEVICE_FAMILY = "1,2";
				TEST_TARGET_NAME = Count;
			};
			name = Debug;
		};
		5DBB6E67250E48DD0081013F /* Release */ = {
			isa = XCBuildConfiguration;
			buildSettings = {
				ALWAYS_EMBED_SWIFT_STANDARD_LIBRARIES = YES;
				CODE_SIGN_STYLE = Automatic;
				INFOPLIST_FILE = CountUITests/Info.plist;
				LD_RUNPATH_SEARCH_PATHS = (
					"$(inherited)",
					"@executable_path/Frameworks",
					"@loader_path/Frameworks",
				);
				PRODUCT_BUNDLE_IDENTIFIER = com.litech.CountUITests;
				PRODUCT_NAME = "$(TARGET_NAME)";
				SWIFT_VERSION = 5.0;
				TARGETED_DEVICE_FAMILY = "1,2";
				TEST_TARGET_NAME = Count;
			};
			name = Release;
		};
/* End XCBuildConfiguration section */

/* Begin XCConfigurationList section */
		5DBB6E30250E48D70081013F /* Build configuration list for PBXProject "Count" */ = {
			isa = XCConfigurationList;
			buildConfigurations = (
				5DBB6E5D250E48DD0081013F /* Debug */,
				5DBB6E5E250E48DD0081013F /* Release */,
			);
			defaultConfigurationIsVisible = 0;
			defaultConfigurationName = Release;
		};
		5DBB6E5F250E48DD0081013F /* Build configuration list for PBXNativeTarget "Count" */ = {
			isa = XCConfigurationList;
			buildConfigurations = (
				5DBB6E60250E48DD0081013F /* Debug */,
				5DBB6E61250E48DD0081013F /* Release */,
			);
			defaultConfigurationIsVisible = 0;
			defaultConfigurationName = Release;
		};
		5DBB6E62250E48DD0081013F /* Build configuration list for PBXNativeTarget "CountTests" */ = {
			isa = XCConfigurationList;
			buildConfigurations = (
				5DBB6E63250E48DD0081013F /* Debug */,
				5DBB6E64250E48DD0081013F /* Release */,
			);
			defaultConfigurationIsVisible = 0;
			defaultConfigurationName = Release;
		};
		5DBB6E65250E48DD0081013F /* Build configuration list for PBXNativeTarget "CountUITests" */ = {
			isa = XCConfigurationList;
			buildConfigurations = (
				5DBB6E66250E48DD0081013F /* Debug */,
				5DBB6E67250E48DD0081013F /* Release */,
			);
			defaultConfigurationIsVisible = 0;
			defaultConfigurationName = Release;
		};
/* End XCConfigurationList section */
	};
	rootObject = 5DBB6E2D250E48D60081013F /* Project object */;
}
